
Microsoft Visual Studio Solution File, Format Version 12.00
# Visual Studio 2017
Project("{FAE04EC0-301F-11D3-BF4B-00C04F79EFBC}") = "TwitchTestAgain", "TwitchTestAgain.csproj", "{C1DAD980-F085-E0BA-08D0-4CED92049753}"
EndProject
Project("{FAE04EC0-301F-11D3-BF4B-00C04F79EFBC}") = "TwitchTestAgain.Editor", "TwitchTestAgain.Editor.csproj", "{C7538232-9715-785C-7AD3-7376D1D3040B}"
EndProject
Global
	GlobalSection(SolutionConfigurationPlatforms) = preSolution
		Debug|Any CPU = Debug|Any CPU
		Release|Any CPU = Release|Any CPU
	EndGlobalSection
	GlobalSection(ProjectConfigurationPlatforms) = postSolution
		{C1DAD980-F085-E0BA-08D0-4CED92049753}.Debug|Any CPU.ActiveCfg = Debug|Any CPU
		{C1DAD980-F085-E0BA-08D0-4CED92049753}.Debug|Any CPU.Build.0 = Debug|Any CPU
		{C1DAD980-F085-E0BA-08D0-4CED92049753}.Release|Any CPU.ActiveCfg = Release|Any CPU
		{C1DAD980-F085-E0BA-08D0-4CED92049753}.Release|Any CPU.Build.0 = Release|Any CPU
		{C7538232-9715-785C-7AD3-7376D1D3040B}.Debug|Any CPU.ActiveCfg = Debug|Any CPU
		{C7538232-9715-785C-7AD3-7376D1D3040B}.Debug|Any CPU.Build.0 = Debug|Any CPU
		{C7538232-9715-785C-7AD3-7376D1D3040B}.Release|Any CPU.ActiveCfg = Release|Any CPU
		{C7538232-9715-785C-7AD3-7376D1D3040B}.Release|Any CPU.Build.0 = Release|Any CPU
	EndGlobalSection
	GlobalSection(SolutionProperties) = preSolution
		HideSolutionNode = FALSE
	EndGlobalSection
EndGlobal
